
Microsoft Visual Studio Solution File, Format Version 12.00
# Visual Studio Version 16
VisualStudioVersion = 16.0.32929.386
MinimumVisualStudioVersion = 10.0.40219.1
Project("{FAE04EC0-301F-11D3-BF4B-00C04F79EFBC}") = "RepOnsdag2020_10_26", "RepOnsdag2020_10_26\RepOnsdag2020_10_26.csproj", "{38EE8570-00B4-4A55-8D42-66E93CD3FD69}"
EndProject
Global
	GlobalSection(SolutionConfigurationPlatforms) = preSolution
		Debug|Any CPU = Debug|Any CPU
		Release|Any CPU = Release|Any CPU
	EndGlobalSection
	GlobalSection(ProjectConfigurationPlatforms) = postSolution
		{38EE8570-00B4-4A55-8D42-66E93CD3FD69}.Debug|Any CPU.ActiveCfg = Debug|Any CPU
		{38EE8570-00B4-4A55-8D42-66E93CD3FD69}.Debug|Any CPU.Build.0 = Debug|Any CPU
		{38EE8570-00B4-4A55-8D42-66E93CD3FD69}.Release|Any CPU.ActiveCfg = Release|Any CPU
		{38EE8570-00B4-4A55-8D42-66E93CD3FD69}.Release|Any CPU.Build.0 = Release|Any CPU
	EndGlobalSection
	GlobalSection(SolutionProperties) = preSolution
		HideSolutionNode = FALSE
	EndGlobalSection
	GlobalSection(ExtensibilityGlobals) = postSolution
		SolutionGuid = {D7086EC3-A93E-4FE2-A698-83BC9BA42BD1}
	EndGlobalSection
EndGlobal
